<?xml version="1.0" encoding="utf-8"?>
<Project ToolsVersion="4.0" xmlns="http://schemas.microsoft.com/developer/msbuild/2003">
  <ItemGroup>
    <Filter Include="Source Files">
      <UniqueIdentifier>{7aee7349-b7f4-4ca2-9eb8-b569e225b96f}</UniqueIdentifier>
      <Extensions>cpp;c;cxx;rc;def;r;odl;idl;hpj;bat</Extensions>
    </Filter>
    <Filter Include="Header Files">
      <UniqueIdentifier>{1a4fa326-49de-4a2e-813f-cd832e2cbbd4}</UniqueIdentifier>
      <Extensions>h;hpp;hxx;hm;inl</Extensions>
    </Filter>
    <Filter Include="Resource Files">
      <UniqueIdentifier>{4184bb26-071f-4509-8666-4b789def4d30}</UniqueIdentifier>
      <Extensions>ico;cur;bmp;dlg;rc2;rct;bin;rgs;gif;jpg;jpeg;jpe</Extensions>
    </Filter>
  </ItemGroup>
  <ItemGroup>
    <ClCompile Include="ekf.c">
      <Filter>Source Files</Filter>
    </ClCompile>
    <ClCompile Include="ekf_free.c">
      <Filter>Source Files</Filter>
    </ClCompile>
    <ClCompile Include="ekf_init.c">
      <Filter>Source Files</Filter>
    </ClCompile>
  </ItemGroup>
  <ItemGroup>
    <ClInclude Include="ekf.h">
      <Filter>Header Files</Filter>
    </ClInclude>
  </ItemGroup>
</Project>